// !$*UTF8*$!
{
	archiveVersion = 1;
	classes = {
	};
	objectVersion = 46;
	objects = {

/* Begin PBXBuildFile section */
		480C6CF51FB16CD80009876E /* AppDelegate.swift in Sources */ = {isa = PBXBuildFile; fileRef = 480C6CF41FB16CD80009876E /* AppDelegate.swift */; };
		480C6CF71FB16CD80009876E /* ViewController.swift in Sources */ = {isa = PBXBuildFile; fileRef = 480C6CF61FB16CD80009876E /* ViewController.swift */; };
		480C6CFA1FB16CD80009876E /* Main.storyboard in Resources */ = {isa = PBXBuildFile; fileRef = 480C6CF81FB16CD80009876E /* Main.storyboard */; };
		480C6CFC1FB16CD80009876E /* Assets.xcassets in Resources */ = {isa = PBXBuildFile; fileRef = 480C6CFB1FB16CD80009876E /* Assets.xcassets */; };
		480C6CFF1FB16CD80009876E /* LaunchScreen.storyboard in Resources */ = {isa = PBXBuildFile; fileRef = 480C6CFD1FB16CD80009876E /* LaunchScreen.storyboard */; };
		480C6D071FB242CA0009876E /* SSDDrawLayer.swift in Sources */ = {isa = PBXBuildFile; fileRef = 480C6D061FB242CA0009876E /* SSDDrawLayer.swift */; };
		480C6D091FB262BF0009876E /* ImageRecognizer.swift in Sources */ = {isa = PBXBuildFile; fileRef = 480C6D081FB262BF0009876E /* ImageRecognizer.swift */; };
		480C6D0D1FB264E60009876E /* SSDData.swift in Sources */ = {isa = PBXBuildFile; fileRef = 480C6D0C1FB264E60009876E /* SSDData.swift */; };
/* End PBXBuildFile section */

/* Begin PBXFileReference section */
		480C6CF11FB16CD80009876E /* SSDDemo.app */ = {isa = PBXFileReference; explicitFileType = wrapper.application; includeInIndex = 0; path = SSDDemo.app; sourceTree = BUILT_PRODUCTS_DIR; };
		480C6CF41FB16CD80009876E /* AppDelegate.swift */ = {isa = PBXFileReference; lastKnownFileType = sourcecode.swift; path = AppDelegate.swift; sourceTree = "<group>"; };
		480C6CF61FB16CD80009876E /* ViewController.swift */ = {isa = PBXFileReference; lastKnownFileType = sourcecode.swift; path = ViewController.swift; sourceTree = "<group>"; };
		480C6CF91FB16CD80009876E /* Base */ = {isa = PBXFileReference; lastKnownFileType = file.storyboard; name = Base; path = Base.lproj/Main.storyboard; sourceTree = "<group>"; };
		480C6CFB1FB16CD80009876E /* Assets.xcassets */ = {isa = PBXFileReference; lastKnownFileType = folder.assetcatalog; path = Assets.xcassets; sourceTree = "<group>"; };
		480C6CFE1FB16CD80009876E /* Base */ = {isa = PBXFileReference; lastKnownFileType = file.storyboard; name = Base; path = Base.lproj/LaunchScreen.storyboard; sourceTree = "<group>"; };
		480C6D001FB16CD80009876E /* Info.plist */ = {isa = PBXFileReference; lastKnownFileType = text.plist.xml; path = Info.plist; sourceTree = "<group>"; };
		480C6D061FB242CA0009876E /* SSDDrawLayer.swift */ = {isa = PBXFileReference; fileEncoding = 4; lastKnownFileType = sourcecode.swift; path = SSDDrawLayer.swift; sourceTree = "<group>"; };
		480C6D081FB262BF0009876E /* ImageRecognizer.swift */ = {isa = PBXFileReference; fileEncoding = 4; lastKnownFileType = sourcecode.swift; path = ImageRecognizer.swift; sourceTree = "<group>"; };
		480C6D0C1FB264E60009876E /* SSDData.swift */ = {isa = PBXFileReference; fileEncoding = 4; lastKnownFileType = sourcecode.swift; path = SSDData.swift; sourceTree = "<group>"; };
/* End PBXFileReference section */

/* Begin PBXFrameworksBuildPhase section */
		480C6CEE1FB16CD80009876E /* Frameworks */ = {
			isa = PBXFrameworksBuildPhase;
			buildActionMask = 2147483647;
			files = (
			);
			runOnlyForDeploymentPostprocessing = 0;
		};
/* End PBXFrameworksBuildPhase section */

/* Begin PBXGroup section */
		480C6CE81FB16CD80009876E = {
			isa = PBXGroup;
			children = (
				480C6CF31FB16CD80009876E /* SSDDemo */,
				480C6CF21FB16CD80009876E /* Products */,
			);
			sourceTree = "<group>";
		};
		480C6CF21FB16CD80009876E /* Products */ = {
			isa = PBXGroup;
			children = (
				480C6CF11FB16CD80009876E /* SSDDemo.app */,
			);
			name = Products;
			sourceTree = "<group>";
		};
		480C6CF31FB16CD80009876E /* SSDDemo */ = {
			isa = PBXGroup;
			children = (
				480C6CF41FB16CD80009876E /* AppDelegate.swift */,
				480C6D0C1FB264E60009876E /* SSDData.swift */,
				480C6D081FB262BF0009876E /* ImageRecognizer.swift */,
				480C6CF61FB16CD80009876E /* ViewController.swift */,
				480C6D061FB242CA0009876E /* SSDDrawLayer.swift */,
				480C6CF81FB16CD80009876E /* Main.storyboard */,
				480C6CFB1FB16CD80009876E /* Assets.xcassets */,
				480C6CFD1FB16CD80009876E /* LaunchScreen.storyboard */,
				480C6D001FB16CD80009876E /* Info.plist */,
			);
			path = SSDDemo;
			sourceTree = "<group>";
		};
/* End PBXGroup section */

/* Begin PBXNativeTarget section */
		480C6CF01FB16CD80009876E /* SSDDemo */ = {
			isa = PBXNativeTarget;
			buildConfigurationList = 480C6D031FB16CD80009876E /* Build configuration list for PBXNativeTarget "SSDDemo" */;
			buildPhases = (
				480C6CED1FB16CD80009876E /* Sources */,
				480C6CEE1FB16CD80009876E /* Frameworks */,
				480C6CEF1FB16CD80009876E /* Resources */,
			);
			buildRules = (
			);
			dependencies = (
			);
			name = SSDDemo;
			productName = SSDDemo;
			productReference = 480C6CF11FB16CD80009876E /* SSDDemo.app */;
			productType = "com.apple.product-type.application";
		};
/* End PBXNativeTarget section */

/* Begin PBXProject section */
		480C6CE91FB16CD80009876E /* Project object */ = {
			isa = PBXProject;
			attributes = {
				LastSwiftUpdateCheck = 0830;
				LastUpgradeCheck = 0830;
				ORGANIZATIONNAME = PaddlePaddle;
				TargetAttributes = {
					480C6CF01FB16CD80009876E = {
						CreatedOnToolsVersion = 8.3.3;
						DevelopmentTeam = 7A6HFXUZXL;
						ProvisioningStyle = Automatic;
					};
				};
			};
			buildConfigurationList = 480C6CEC1FB16CD80009876E /* Build configuration list for PBXProject "SSDDemo" */;
			compatibilityVersion = "Xcode 3.2";
			developmentRegion = English;
			hasScannedForEncodings = 0;
			knownRegions = (
				en,
				Base,
			);
			mainGroup = 480C6CE81FB16CD80009876E;
			productRefGroup = 480C6CF21FB16CD80009876E /* Products */;
			projectDirPath = "";
			projectRoot = "";
			targets = (
				480C6CF01FB16CD80009876E /* SSDDemo */,
			);
		};
/* End PBXProject section */

/* Begin PBXResourcesBuildPhase section */
		480C6CEF1FB16CD80009876E /* Resources */ = {
			isa = PBXResourcesBuildPhase;
			buildActionMask = 2147483647;
			files = (
				480C6CFF1FB16CD80009876E /* LaunchScreen.storyboard in Resources */,
				480C6CFC1FB16CD80009876E /* Assets.xcassets in Resources */,
				480C6CFA1FB16CD80009876E /* Main.storyboard in Resources */,
			);
			runOnlyForDeploymentPostprocessing = 0;
		};
/* End PBXResourcesBuildPhase section */

/* Begin PBXSourcesBuildPhase section */
		480C6CED1FB16CD80009876E /* Sources */ = {
			isa = PBXSourcesBuildPhase;
			buildActionMask = 2147483647;
			files = (
				480C6CF71FB16CD80009876E /* ViewController.swift in Sources */,
				480C6CF51FB16CD80009876E /* AppDelegate.swift in Sources */,
				480C6D071FB242CA0009876E /* SSDDrawLayer.swift in Sources */,
				480C6D091FB262BF0009876E /* ImageRecognizer.swift in Sources */,
				480C6D0D1FB264E60009876E /* SSDData.swift in Sources */,
			);
			runOnlyForDeploymentPostprocessing = 0;
		};
/* End PBXSourcesBuildPhase section */

/* Begin PBXVariantGroup section */
		480C6CF81FB16CD80009876E /* Main.storyboard */ = {
			isa = PBXVariantGroup;
			children = (
				480C6CF91FB16CD80009876E /* Base */,
			);
			name = Main.storyboard;
			sourceTree = "<group>";
		};
		480C6CFD1FB16CD80009876E /* LaunchScreen.storyboard */ = {
			isa = PBXVariantGroup;
			children = (
				480C6CFE1FB16CD80009876E /* Base */,
			);
			name = LaunchScreen.storyboard;
			sourceTree = "<group>";
		};
/* End PBXVariantGroup section */

/* Begin XCBuildConfiguration section */
		480C6D011FB16CD80009876E /* Debug */ = {
			isa = XCBuildConfiguration;
			buildSettings = {
				ALWAYS_SEARCH_USER_PATHS = NO;
				CLANG_ANALYZER_NONNULL = YES;
				CLANG_ANALYZER_NUMBER_OBJECT_CONVERSION = YES_AGGRESSIVE;
				CLANG_CXX_LANGUAGE_STANDARD = "gnu++0x";
				CLANG_CXX_LIBRARY = "libc++";
				CLANG_ENABLE_MODULES = YES;
				CLANG_ENABLE_OBJC_ARC = YES;
				CLANG_WARN_BOOL_CONVERSION = YES;
				CLANG_WARN_CONSTANT_CONVERSION = YES;
				CLANG_WARN_DIRECT_OBJC_ISA_USAGE = YES_ERROR;
				CLANG_WARN_DOCUMENTATION_COMMENTS = YES;
				CLANG_WARN_EMPTY_BODY = YES;
				CLANG_WARN_ENUM_CONVERSION = YES;
				CLANG_WARN_INFINITE_RECURSION = YES;
				CLANG_WARN_INT_CONVERSION = YES;
				CLANG_WARN_OBJC_ROOT_CLASS = YES_ERROR;
				CLANG_WARN_SUSPICIOUS_MOVE = YES;
				CLANG_WARN_UNREACHABLE_CODE = YES;
				CLANG_WARN__DUPLICATE_METHOD_MATCH = YES;
				"CODE_SIGN_IDENTITY[sdk=iphoneos*]" = "iPhone Developer";
				COPY_PHASE_STRIP = NO;
				DEBUG_INFORMATION_FORMAT = dwarf;
				ENABLE_STRICT_OBJC_MSGSEND = YES;
				ENABLE_TESTABILITY = YES;
				GCC_C_LANGUAGE_STANDARD = gnu99;
				GCC_DYNAMIC_NO_PIC = NO;
				GCC_NO_COMMON_BLOCKS = YES;
				GCC_OPTIMIZATION_LEVEL = 0;
				GCC_PREPROCESSOR_DEFINITIONS = (
					"DEBUG=1",
					"$(inherited)",
				);
				GCC_WARN_64_TO_32_BIT_CONVERSION = YES;
				GCC_WARN_ABOUT_RETURN_TYPE = YES_ERROR;
				GCC_WARN_UNDECLARED_SELECTOR = YES;
				GCC_WARN_UNINITIALIZED_AUTOS = YES_AGGRESSIVE;
				GCC_WARN_UNUSED_FUNCTION = YES;
				GCC_WARN_UNUSED_VARIABLE = YES;
				IPHONEOS_DEPLOYMENT_TARGET = 10.3;
				MTL_ENABLE_DEBUG_INFO = YES;
				ONLY_ACTIVE_ARCH = YES;
				SDKROOT = iphoneos;
				SWIFT_ACTIVE_COMPILATION_CONDITIONS = DEBUG;
				SWIFT_OPTIMIZATION_LEVEL = "-Onone";
				TARGETED_DEVICE_FAMILY = "1,2";
			};
			name = Debug;
		};
		480C6D021FB16CD80009876E /* Release */ = {
			isa = XCBuildConfiguration;
			buildSettings = {
				ALWAYS_SEARCH_USER_PATHS = NO;
				CLANG_ANALYZER_NONNULL = YES;
				CLANG_ANALYZER_NUMBER_OBJECT_CONVERSION = YES_AGGRESSIVE;
				CLANG_CXX_LANGUAGE_STANDARD = "gnu++0x";
				CLANG_CXX_LIBRARY = "libc++";
				CLANG_ENABLE_MODULES = YES;
				CLANG_ENABLE_OBJC_ARC = YES;
				CLANG_WARN_BOOL_CONVERSION = YES;
				CLANG_WARN_CONSTANT_CONVERSION = YES;
				CLANG_WARN_DIRECT_OBJC_ISA_USAGE = YES_ERROR;
				CLANG_WARN_DOCUMENTATION_COMMENTS = YES;
				CLANG_WARN_EMPTY_BODY = YES;
				CLANG_WARN_ENUM_CONVERSION = YES;
				CLANG_WARN_INFINITE_RECURSION = YES;
				CLANG_WARN_INT_CONVERSION = YES;
				CLANG_WARN_OBJC_ROOT_CLASS = YES_ERROR;
				CLANG_WARN_SUSPICIOUS_MOVE = YES;
				CLANG_WARN_UNREACHABLE_CODE = YES;
				CLANG_WARN__DUPLICATE_METHOD_MATCH = YES;
				"CODE_SIGN_IDENTITY[sdk=iphoneos*]" = "iPhone Developer";
				COPY_PHASE_STRIP = NO;
				DEBUG_INFORMATION_FORMAT = "dwarf-with-dsym";
				ENABLE_NS_ASSERTIONS = NO;
				ENABLE_STRICT_OBJC_MSGSEND = YES;
				GCC_C_LANGUAGE_STANDARD = gnu99;
				GCC_NO_COMMON_BLOCKS = YES;
				GCC_WARN_64_TO_32_BIT_CONVERSION = YES;
				GCC_WARN_ABOUT_RETURN_TYPE = YES_ERROR;
				GCC_WARN_UNDECLARED_SELECTOR = YES;
				GCC_WARN_UNINITIALIZED_AUTOS = YES_AGGRESSIVE;
				GCC_WARN_UNUSED_FUNCTION = YES;
				GCC_WARN_UNUSED_VARIABLE = YES;
				IPHONEOS_DEPLOYMENT_TARGET = 10.3;
				MTL_ENABLE_DEBUG_INFO = NO;
				SDKROOT = iphoneos;
				SWIFT_OPTIMIZATION_LEVEL = "-Owholemodule";
				TARGETED_DEVICE_FAMILY = "1,2";
				VALIDATE_PRODUCT = YES;
			};
			name = Release;
		};
		480C6D041FB16CD80009876E /* Debug */ = {
			isa = XCBuildConfiguration;
			buildSettings = {
				ASSETCATALOG_COMPILER_APPICON_NAME = AppIcon;
				DEVELOPMENT_TEAM = 7A6HFXUZXL;
				INFOPLIST_FILE = SSDDemo/Info.plist;
				LD_RUNPATH_SEARCH_PATHS = "$(inherited) @executable_path/Frameworks";
				PRODUCT_BUNDLE_IDENTIFIER = com.paddlepaddle.SSDDemo;
				PRODUCT_NAME = "$(TARGET_NAME)";
				SWIFT_VERSION = 3.0;
			};
			name = Debug;
		};
		480C6D051FB16CD80009876E /* Release */ = {
			isa = XCBuildConfiguration;
			buildSettings = {
				ASSETCATALOG_COMPILER_APPICON_NAME = AppIcon;
				DEVELOPMENT_TEAM = 7A6HFXUZXL;
				INFOPLIST_FILE = SSDDemo/Info.plist;
				LD_RUNPATH_SEARCH_PATHS = "$(inherited) @executable_path/Frameworks";
				PRODUCT_BUNDLE_IDENTIFIER = com.paddlepaddle.SSDDemo;
				PRODUCT_NAME = "$(TARGET_NAME)";
				SWIFT_VERSION = 3.0;
			};
			name = Release;
		};
/* End XCBuildConfiguration section */

/* Begin XCConfigurationList section */
		480C6CEC1FB16CD80009876E /* Build configuration list for PBXProject "SSDDemo" */ = {
			isa = XCConfigurationList;
			buildConfigurations = (
				480C6D011FB16CD80009876E /* Debug */,
				480C6D021FB16CD80009876E /* Release */,
			);
			defaultConfigurationIsVisible = 0;
			defaultConfigurationName = Release;
		};
		480C6D031FB16CD80009876E /* Build configuration list for PBXNativeTarget "SSDDemo" */ = {
			isa = XCConfigurationList;
			buildConfigurations = (
				480C6D041FB16CD80009876E /* Debug */,
				480C6D051FB16CD80009876E /* Release */,
			);
			defaultConfigurationIsVisible = 0;
		};
/* End XCConfigurationList section */
	};
	rootObject = 480C6CE91FB16CD80009876E /* Project object */;
}
